{
  "object": {
    "pins": [
      {
        "package": "FoundationLib",
        "repositoryURL": "https://github.com/loniqin/swift-foundation-lib",
        "state": {
          "branch": "master",
          "revision": "76916b412102192196c04253246f83395fa846ad",
          "version": null
        }
      }
    ]
  },
  "version": 1
}
