{
  "object": {
    "pins": [
      {
        "package": "FoundationLib",
        "repositoryURL": "https://github.com/loniqin/swift-foundation-lib",
        "state": {
          "branch": "master",
          "revision": "5824e1d326c361976ae7f5e200e075d16c8fc2c3",
          "version": null
        }
      }
    ]
  },
  "version": 1
}
